{
  "originHash" : "97c2c818f9d2461ac5b895dbfb75c33a748dcdd9f19bd2155fe0a1bde74f123a",
  "pins" : [
    {
      "identity" : "alamofire",
      "kind" : "remoteSourceControl",
      "location" : "https://github.com/Alamofire/Alamofire",
      "state" : {
        "revision" : "e16d3481f5ed35f0472cb93350085853d754913f",
        "version" : "5.10.1"
      }
    },
    {
      "identity" : "factory",
      "kind" : "remoteSourceControl",
      "location" : "https://github.com/hmlongco/Factory.git",
      "state" : {
        "revision" : "fb04a8918848e413d3921d346a23bae7f81088d9",
        "version" : "2.4.3"
      }
    },
    {
      "identity" : "jwtdecode.swift",
      "kind" : "remoteSourceControl",
      "location" : "https://github.com/auth0/JWTDecode.swift",
      "state" : {
        "revision" : "58af7278797871e460d79496621b3e5366b865b2",
        "version" : "3.1.0"
      }
    },
    {
      "identity" : "keychainaccess",
      "kind" : "remoteSourceControl",
      "location" : "https://github.com/kishikawakatsumi/KeychainAccess",
      "state" : {
        "revision" : "84e546727d66f1adc5439debad16270d0fdd04e7",
        "version" : "4.2.2"
      }
    },
    {
      "identity" : "kingfisher",
      "kind" : "remoteSourceControl",
      "location" : "https://github.com/onevcat/Kingfisher",
      "state" : {
        "revision" : "4c6b067f96953ee19526e49e4189403a2be21fb3",
        "version" : "8.3.1"
      }
    },
    {
      "identity" : "snapkit",
      "kind" : "remoteSourceControl",
      "location" : "https://github.com/SnapKit/SnapKit",
      "state" : {
        "revision" : "2842e6e84e82eb9a8dac0100ca90d9444b0307f4",
        "version" : "5.7.1"
      }
    }
  ],
  "version" : 3
}
