// !$*UTF8*$!
{
	archiveVersion = 1;
	classes = {
	};
	objectVersion = 77;
	objects = {

/* Begin PBXBuildFile section */
		B42257AA2D998BFF00947D13 /* AppDelegate.swift in Sources */ = {isa = PBXBuildFile; fileRef = B422579E2D998BFF00947D13 /* AppDelegate.swift */; };
		B42257AB2D998BFF00947D13 /* ListApp.xcdatamodeld in Sources */ = {isa = PBXBuildFile; fileRef = B42257A32D998BFF00947D13 /* ListApp.xcdatamodeld */; };
		B42257AC2D998BFF00947D13 /* SceneDelegate.swift in Sources */ = {isa = PBXBuildFile; fileRef = B42257A62D998BFF00947D13 /* SceneDelegate.swift */; };
		B42257AE2D998BFF00947D13 /* Assets.xcassets in Resources */ = {isa = PBXBuildFile; fileRef = B422579F2D998BFF00947D13 /* Assets.xcassets */; };
		B42257B02D998BFF00947D13 /* LaunchScreen.storyboard in Resources */ = {isa = PBXBuildFile; fileRef = B42257A22D998BFF00947D13 /* LaunchScreen.storyboard */; };
		B42257C52D9994FF00947D13 /* Utility in Frameworks */ = {isa = PBXBuildFile; productRef = B42257C42D9994FF00947D13 /* Utility */; };
		B42257C82D99955B00947D13 /* Extensions in Frameworks */ = {isa = PBXBuildFile; productRef = B42257C72D99955B00947D13 /* Extensions */; };
		B42257CB2D9995EC00947D13 /* Storage in Frameworks */ = {isa = PBXBuildFile; productRef = B42257CA2D9995EC00947D13 /* Storage */; };
		B42257CE2D9996C300947D13 /* Networking in Frameworks */ = {isa = PBXBuildFile; productRef = B42257CD2D9996C300947D13 /* Networking */; };
		B42257D12D999A2C00947D13 /* SnapKit in Frameworks */ = {isa = PBXBuildFile; productRef = B42257D02D999A2C00947D13 /* SnapKit */; };
		B42257D42D999A6600947D13 /* IQKeyboardManagerSwift in Frameworks */ = {isa = PBXBuildFile; productRef = B42257D32D999A6600947D13 /* IQKeyboardManagerSwift */; };
		B42257D72D999D2400947D13 /* Factory in Frameworks */ = {isa = PBXBuildFile; productRef = B42257D62D999D2400947D13 /* Factory */; };
		B42257DC2D99A21A00947D13 /* AppRestContainer.swift in Sources */ = {isa = PBXBuildFile; fileRef = B42257DB2D99A21700947D13 /* AppRestContainer.swift */; };
		B42257E22D99A41B00947D13 /* Colors.xcassets in Resources */ = {isa = PBXBuildFile; fileRef = B42257E12D99A41B00947D13 /* Colors.xcassets */; };
		B42257E72D99A46300947D13 /* LocalizeKeys.swift in Sources */ = {isa = PBXBuildFile; fileRef = B42257E62D99A46000947D13 /* LocalizeKeys.swift */; };
		B42257EA2D99A49400947D13 /* Localize.strings in Resources */ = {isa = PBXBuildFile; fileRef = B42257E82D99A49400947D13 /* Localize.strings */; };
		B42257F12D99A4C600947D13 /* Chivo-ExtraBold.ttf in Resources */ = {isa = PBXBuildFile; fileRef = B42257EC2D99A4C600947D13 /* Chivo-ExtraBold.ttf */; };
		B42257F52D99A4C600947D13 /* Chivo-Bold.ttf in Resources */ = {isa = PBXBuildFile; fileRef = B42257EB2D99A4C600947D13 /* Chivo-Bold.ttf */; };
		B42257F62D99A4C600947D13 /* Chivo-Regular.ttf in Resources */ = {isa = PBXBuildFile; fileRef = B42257ED2D99A4C600947D13 /* Chivo-Regular.ttf */; };
		B42257FE2D99B03E00947D13 /* AppLocale.generated.swift in Sources */ = {isa = PBXBuildFile; fileRef = B42257FD2D99B03E00947D13 /* AppLocale.generated.swift */; };
		B42257FF2D99B03E00947D13 /* AppAssets.generated.swift in Sources */ = {isa = PBXBuildFile; fileRef = B42257FA2D99B03E00947D13 /* AppAssets.generated.swift */; };
		B42258002D99B03E00947D13 /* AppColors.generated.swift in Sources */ = {isa = PBXBuildFile; fileRef = B42257FB2D99B03E00947D13 /* AppColors.generated.swift */; };
		B42258012D99B03E00947D13 /* AppFonts.generated.swift in Sources */ = {isa = PBXBuildFile; fileRef = B42257FC2D99B03E00947D13 /* AppFonts.generated.swift */; };
		B422580C2D99B87F00947D13 /* ListScreenRouter.swift in Sources */ = {isa = PBXBuildFile; fileRef = B42258092D99B87F00947D13 /* ListScreenRouter.swift */; };
		B422580D2D99B87F00947D13 /* ListScreenInteractor.swift in Sources */ = {isa = PBXBuildFile; fileRef = B42258062D99B87F00947D13 /* ListScreenInteractor.swift */; };
		B422580E2D99B87F00947D13 /* ListScreenModels.swift in Sources */ = {isa = PBXBuildFile; fileRef = B42258072D99B87F00947D13 /* ListScreenModels.swift */; };
		B422580F2D99B87F00947D13 /* ListScreenViewController.swift in Sources */ = {isa = PBXBuildFile; fileRef = B422580A2D99B87F00947D13 /* ListScreenViewController.swift */; };
		B42258102D99B87F00947D13 /* ListScreenPresenter.swift in Sources */ = {isa = PBXBuildFile; fileRef = B42258082D99B87F00947D13 /* ListScreenPresenter.swift */; };
		B42258132D99CE6800947D13 /* ListScreenAssembly.swift in Sources */ = {isa = PBXBuildFile; fileRef = B42258122D99CE5F00947D13 /* ListScreenAssembly.swift */; };
		B42258162D99CF1900947D13 /* ModuleAssemblying.swift in Sources */ = {isa = PBXBuildFile; fileRef = B42258152D99CF0600947D13 /* ModuleAssemblying.swift */; };
		B42258192D99D05600947D13 /* BaseViewController.swift in Sources */ = {isa = PBXBuildFile; fileRef = B42258182D99D04E00947D13 /* BaseViewController.swift */; };
		B422581B2D99D23100947D13 /* BaseNavigationController.swift in Sources */ = {isa = PBXBuildFile; fileRef = B422581A2D99D22900947D13 /* BaseNavigationController.swift */; };
		B422581D2D99D75000947D13 /* Style.swift in Sources */ = {isa = PBXBuildFile; fileRef = B422581C2D99D74A00947D13 /* Style.swift */; };
		B422581F2D99D78700947D13 /* Style+Font.swift in Sources */ = {isa = PBXBuildFile; fileRef = B422581E2D99D78000947D13 /* Style+Font.swift */; };
		B42258222D99D90500947D13 /* Applicable.swift in Sources */ = {isa = PBXBuildFile; fileRef = B42258212D99D90100947D13 /* Applicable.swift */; };
		B42258242D99D96200947D13 /* Style+Label.swift in Sources */ = {isa = PBXBuildFile; fileRef = B42258232D99D95C00947D13 /* Style+Label.swift */; };
		B42258272D99F84D00947D13 /* RestClient.swift in Sources */ = {isa = PBXBuildFile; fileRef = B42258262D99F84B00947D13 /* RestClient.swift */; };
		B42258292D99F8C100947D13 /* RestClient+Error.swift in Sources */ = {isa = PBXBuildFile; fileRef = B42258282D99F8C000947D13 /* RestClient+Error.swift */; };
		B422582E2D99F92E00947D13 /* RestCharacterService.swift in Sources */ = {isa = PBXBuildFile; fileRef = B422582D2D99F92600947D13 /* RestCharacterService.swift */; };
		B42258302D99F94D00947D13 /* CharacterService.swift in Sources */ = {isa = PBXBuildFile; fileRef = B422582F2D99F94800947D13 /* CharacterService.swift */; };
		B42258322D99F9D100947D13 /* CharcaterModels.swift in Sources */ = {isa = PBXBuildFile; fileRef = B42258312D99F9C000947D13 /* CharcaterModels.swift */; };
		B42258342D9A016600947D13 /* ListScreenWorker.swift in Sources */ = {isa = PBXBuildFile; fileRef = B42258332D9A015C00947D13 /* ListScreenWorker.swift */; };
		B42258372D9A1C2900947D13 /* Kingfisher in Frameworks */ = {isa = PBXBuildFile; productRef = B42258362D9A1C2900947D13 /* Kingfisher */; };
		B42258462D9A348B00947D13 /* Database.swift in Sources */ = {isa = PBXBuildFile; fileRef = B42258452D9A348900947D13 /* Database.swift */; };
		B422584A2D9A34D200947D13 /* DatabaseProtocol.swift in Sources */ = {isa = PBXBuildFile; fileRef = B42258492D9A34D100947D13 /* DatabaseProtocol.swift */; };
		B422584C2D9A34E300947D13 /* PersistenceManager.swift in Sources */ = {isa = PBXBuildFile; fileRef = B422584B2D9A34E200947D13 /* PersistenceManager.swift */; };
		B422584E2D9A34F300947D13 /* PersistenceManagerProtocol.swift in Sources */ = {isa = PBXBuildFile; fileRef = B422584D2D9A34F300947D13 /* PersistenceManagerProtocol.swift */; };
		B42258532D9A352D00947D13 /* _DatabaseModels.swift in Sources */ = {isa = PBXBuildFile; fileRef = B42258522D9A352C00947D13 /* _DatabaseModels.swift */; };
		B42258552D9A355000947D13 /* ResultModel.swift in Sources */ = {isa = PBXBuildFile; fileRef = B42258542D9A355000947D13 /* ResultModel.swift */; };
		B42258572D9A356D00947D13 /* LinkedInfoModel.swift in Sources */ = {isa = PBXBuildFile; fileRef = B42258562D9A356C00947D13 /* LinkedInfoModel.swift */; };
		B422585F2D9A3A0A00947D13 /* DetailScreenPresenter.swift in Sources */ = {isa = PBXBuildFile; fileRef = B422585B2D9A3A0A00947D13 /* DetailScreenPresenter.swift */; };
		B42258612D9A3A0A00947D13 /* DetailScreenModels.swift in Sources */ = {isa = PBXBuildFile; fileRef = B422585A2D9A3A0A00947D13 /* DetailScreenModels.swift */; };
		B42258622D9A3A0A00947D13 /* DetailScreenInteractor.swift in Sources */ = {isa = PBXBuildFile; fileRef = B42258592D9A3A0A00947D13 /* DetailScreenInteractor.swift */; };
		B42258632D9A3A0A00947D13 /* DetailScreenRouter.swift in Sources */ = {isa = PBXBuildFile; fileRef = B422585C2D9A3A0A00947D13 /* DetailScreenRouter.swift */; };
		B42258642D9A3A0A00947D13 /* DetailScreenViewController.swift in Sources */ = {isa = PBXBuildFile; fileRef = B422585D2D9A3A0A00947D13 /* DetailScreenViewController.swift */; };
		B42258662D9A3A5200947D13 /* DetailScreenAssembly.swift in Sources */ = {isa = PBXBuildFile; fileRef = B42258652D9A3A4A00947D13 /* DetailScreenAssembly.swift */; };
		B42258682D9A48D500947D13 /* Style+Stack.swift in Sources */ = {isa = PBXBuildFile; fileRef = B42258672D9A48CE00947D13 /* Style+Stack.swift */; };
		B422586A2D9A7CD200947D13 /* NSManagedObjectContext+Extesion.swift in Sources */ = {isa = PBXBuildFile; fileRef = B42258692D9A7CD100947D13 /* NSManagedObjectContext+Extesion.swift */; };
		B422586C2D9A822400947D13 /* NSManagedObject+Extesion.swift in Sources */ = {isa = PBXBuildFile; fileRef = B422586B2D9A821D00947D13 /* NSManagedObject+Extesion.swift */; };
/* End PBXBuildFile section */

/* Begin PBXFileReference section */
		B422579E2D998BFF00947D13 /* AppDelegate.swift */ = {isa = PBXFileReference; lastKnownFileType = sourcecode.swift; path = AppDelegate.swift; sourceTree = "<group>"; };
		B422579F2D998BFF00947D13 /* Assets.xcassets */ = {isa = PBXFileReference; lastKnownFileType = folder.assetcatalog; path = Assets.xcassets; sourceTree = "<group>"; };
		B42257A02D998BFF00947D13 /* Info.plist */ = {isa = PBXFileReference; lastKnownFileType = text.plist.xml; path = Info.plist; sourceTree = "<group>"; };
		B42257A12D998BFF00947D13 /* Base */ = {isa = PBXFileReference; lastKnownFileType = file.storyboard; name = Base; path = Base.lproj/LaunchScreen.storyboard; sourceTree = "<group>"; };
		B42257A62D998BFF00947D13 /* SceneDelegate.swift */ = {isa = PBXFileReference; lastKnownFileType = sourcecode.swift; path = SceneDelegate.swift; sourceTree = "<group>"; };
		B42257A92D998BFF00947D13 /* ListApp.xcdatamodel */ = {isa = PBXFileReference; lastKnownFileType = wrapper.xcdatamodel; path = ListApp.xcdatamodel; sourceTree = "<group>"; };
		B42257DB2D99A21700947D13 /* AppRestContainer.swift */ = {isa = PBXFileReference; lastKnownFileType = sourcecode.swift; path = AppRestContainer.swift; sourceTree = "<group>"; };
		B42257E12D99A41B00947D13 /* Colors.xcassets */ = {isa = PBXFileReference; lastKnownFileType = folder.assetcatalog; path = Colors.xcassets; sourceTree = "<group>"; };
		B42257E62D99A46000947D13 /* LocalizeKeys.swift */ = {isa = PBXFileReference; lastKnownFileType = sourcecode.swift; path = LocalizeKeys.swift; sourceTree = "<group>"; };
		B42257E92D99A49400947D13 /* en */ = {isa = PBXFileReference; lastKnownFileType = text.plist.strings; name = en; path = en.lproj/Localize.strings; sourceTree = "<group>"; };
		B42257EB2D99A4C600947D13 /* Chivo-Bold.ttf */ = {isa = PBXFileReference; lastKnownFileType = file; path = "Chivo-Bold.ttf"; sourceTree = "<group>"; };
		B42257EC2D99A4C600947D13 /* Chivo-ExtraBold.ttf */ = {isa = PBXFileReference; lastKnownFileType = file; path = "Chivo-ExtraBold.ttf"; sourceTree = "<group>"; };
		B42257ED2D99A4C600947D13 /* Chivo-Regular.ttf */ = {isa = PBXFileReference; lastKnownFileType = file; path = "Chivo-Regular.ttf"; sourceTree = "<group>"; };
		B42257FA2D99B03E00947D13 /* AppAssets.generated.swift */ = {isa = PBXFileReference; lastKnownFileType = sourcecode.swift; path = AppAssets.generated.swift; sourceTree = "<group>"; };
		B42257FB2D99B03E00947D13 /* AppColors.generated.swift */ = {isa = PBXFileReference; lastKnownFileType = sourcecode.swift; path = AppColors.generated.swift; sourceTree = "<group>"; };
		B42257FC2D99B03E00947D13 /* AppFonts.generated.swift */ = {isa = PBXFileReference; lastKnownFileType = sourcecode.swift; path = AppFonts.generated.swift; sourceTree = "<group>"; };
		B42257FD2D99B03E00947D13 /* AppLocale.generated.swift */ = {isa = PBXFileReference; lastKnownFileType = sourcecode.swift; path = AppLocale.generated.swift; sourceTree = "<group>"; };
		B42258062D99B87F00947D13 /* ListScreenInteractor.swift */ = {isa = PBXFileReference; lastKnownFileType = sourcecode.swift; path = ListScreenInteractor.swift; sourceTree = "<group>"; };
		B42258072D99B87F00947D13 /* ListScreenModels.swift */ = {isa = PBXFileReference; lastKnownFileType = sourcecode.swift; path = ListScreenModels.swift; sourceTree = "<group>"; };
		B42258082D99B87F00947D13 /* ListScreenPresenter.swift */ = {isa = PBXFileReference; lastKnownFileType = sourcecode.swift; path = ListScreenPresenter.swift; sourceTree = "<group>"; };
		B42258092D99B87F00947D13 /* ListScreenRouter.swift */ = {isa = PBXFileReference; lastKnownFileType = sourcecode.swift; path = ListScreenRouter.swift; sourceTree = "<group>"; };
		B422580A2D99B87F00947D13 /* ListScreenViewController.swift */ = {isa = PBXFileReference; lastKnownFileType = sourcecode.swift; path = ListScreenViewController.swift; sourceTree = "<group>"; };
		B42258122D99CE5F00947D13 /* ListScreenAssembly.swift */ = {isa = PBXFileReference; lastKnownFileType = sourcecode.swift; path = ListScreenAssembly.swift; sourceTree = "<group>"; };
		B42258152D99CF0600947D13 /* ModuleAssemblying.swift */ = {isa = PBXFileReference; lastKnownFileType = sourcecode.swift; path = ModuleAssemblying.swift; sourceTree = "<group>"; };
		B42258182D99D04E00947D13 /* BaseViewController.swift */ = {isa = PBXFileReference; lastKnownFileType = sourcecode.swift; path = BaseViewController.swift; sourceTree = "<group>"; };
		B422581A2D99D22900947D13 /* BaseNavigationController.swift */ = {isa = PBXFileReference; lastKnownFileType = sourcecode.swift; path = BaseNavigationController.swift; sourceTree = "<group>"; };
		B422581C2D99D74A00947D13 /* Style.swift */ = {isa = PBXFileReference; lastKnownFileType = sourcecode.swift; path = Style.swift; sourceTree = "<group>"; };
		B422581E2D99D78000947D13 /* Style+Font.swift */ = {isa = PBXFileReference; lastKnownFileType = sourcecode.swift; path = "Style+Font.swift"; sourceTree = "<group>"; };
		B42258212D99D90100947D13 /* Applicable.swift */ = {isa = PBXFileReference; lastKnownFileType = sourcecode.swift; path = Applicable.swift; sourceTree = "<group>"; };
		B42258232D99D95C00947D13 /* Style+Label.swift */ = {isa = PBXFileReference; lastKnownFileType = sourcecode.swift; path = "Style+Label.swift"; sourceTree = "<group>"; };
		B42258262D99F84B00947D13 /* RestClient.swift */ = {isa = PBXFileReference; lastKnownFileType = sourcecode.swift; path = RestClient.swift; sourceTree = "<group>"; };
		B42258282D99F8C000947D13 /* RestClient+Error.swift */ = {isa = PBXFileReference; lastKnownFileType = sourcecode.swift; path = "RestClient+Error.swift"; sourceTree = "<group>"; };
		B422582D2D99F92600947D13 /* RestCharacterService.swift */ = {isa = PBXFileReference; lastKnownFileType = sourcecode.swift; path = RestCharacterService.swift; sourceTree = "<group>"; };
		B422582F2D99F94800947D13 /* CharacterService.swift */ = {isa = PBXFileReference; lastKnownFileType = sourcecode.swift; path = CharacterService.swift; sourceTree = "<group>"; };
		B42258312D99F9C000947D13 /* CharcaterModels.swift */ = {isa = PBXFileReference; lastKnownFileType = sourcecode.swift; path = CharcaterModels.swift; sourceTree = "<group>"; };
		B42258332D9A015C00947D13 /* ListScreenWorker.swift */ = {isa = PBXFileReference; lastKnownFileType = sourcecode.swift; path = ListScreenWorker.swift; sourceTree = "<group>"; };
		B42258452D9A348900947D13 /* Database.swift */ = {isa = PBXFileReference; lastKnownFileType = sourcecode.swift; path = Database.swift; sourceTree = "<group>"; };
		B42258492D9A34D100947D13 /* DatabaseProtocol.swift */ = {isa = PBXFileReference; lastKnownFileType = sourcecode.swift; path = DatabaseProtocol.swift; sourceTree = "<group>"; };
		B422584B2D9A34E200947D13 /* PersistenceManager.swift */ = {isa = PBXFileReference; lastKnownFileType = sourcecode.swift; path = PersistenceManager.swift; sourceTree = "<group>"; };
		B422584D2D9A34F300947D13 /* PersistenceManagerProtocol.swift */ = {isa = PBXFileReference; lastKnownFileType = sourcecode.swift; path = PersistenceManagerProtocol.swift; sourceTree = "<group>"; };
		B42258522D9A352C00947D13 /* _DatabaseModels.swift */ = {isa = PBXFileReference; lastKnownFileType = sourcecode.swift; path = _DatabaseModels.swift; sourceTree = "<group>"; };
		B42258542D9A355000947D13 /* ResultModel.swift */ = {isa = PBXFileReference; lastKnownFileType = sourcecode.swift; path = ResultModel.swift; sourceTree = "<group>"; };
		B42258562D9A356C00947D13 /* LinkedInfoModel.swift */ = {isa = PBXFileReference; lastKnownFileType = sourcecode.swift; path = LinkedInfoModel.swift; sourceTree = "<group>"; };
		B42258592D9A3A0A00947D13 /* DetailScreenInteractor.swift */ = {isa = PBXFileReference; lastKnownFileType = sourcecode.swift; path = DetailScreenInteractor.swift; sourceTree = "<group>"; };
		B422585A2D9A3A0A00947D13 /* DetailScreenModels.swift */ = {isa = PBXFileReference; lastKnownFileType = sourcecode.swift; path = DetailScreenModels.swift; sourceTree = "<group>"; };
		B422585B2D9A3A0A00947D13 /* DetailScreenPresenter.swift */ = {isa = PBXFileReference; lastKnownFileType = sourcecode.swift; path = DetailScreenPresenter.swift; sourceTree = "<group>"; };
		B422585C2D9A3A0A00947D13 /* DetailScreenRouter.swift */ = {isa = PBXFileReference; lastKnownFileType = sourcecode.swift; path = DetailScreenRouter.swift; sourceTree = "<group>"; };
		B422585D2D9A3A0A00947D13 /* DetailScreenViewController.swift */ = {isa = PBXFileReference; lastKnownFileType = sourcecode.swift; path = DetailScreenViewController.swift; sourceTree = "<group>"; };
		B42258652D9A3A4A00947D13 /* DetailScreenAssembly.swift */ = {isa = PBXFileReference; lastKnownFileType = sourcecode.swift; path = DetailScreenAssembly.swift; sourceTree = "<group>"; };
		B42258672D9A48CE00947D13 /* Style+Stack.swift */ = {isa = PBXFileReference; lastKnownFileType = sourcecode.swift; path = "Style+Stack.swift"; sourceTree = "<group>"; };
		B42258692D9A7CD100947D13 /* NSManagedObjectContext+Extesion.swift */ = {isa = PBXFileReference; lastKnownFileType = sourcecode.swift; path = "NSManagedObjectContext+Extesion.swift"; sourceTree = "<group>"; };
		B422586B2D9A821D00947D13 /* NSManagedObject+Extesion.swift */ = {isa = PBXFileReference; lastKnownFileType = sourcecode.swift; path = "NSManagedObject+Extesion.swift"; sourceTree = "<group>"; };
		B479FE8C2D97086400E5F97C /* ListApp.app */ = {isa = PBXFileReference; explicitFileType = wrapper.application; includeInIndex = 0; path = ListApp.app; sourceTree = BUILT_PRODUCTS_DIR; };
/* End PBXFileReference section */

/* Begin PBXFrameworksBuildPhase section */
		B479FE892D97086400E5F97C /* Frameworks */ = {
			isa = PBXFrameworksBuildPhase;
			buildActionMask = 2147483647;
			files = (
				B42257CB2D9995EC00947D13 /* Storage in Frameworks */,
				B42257C82D99955B00947D13 /* Extensions in Frameworks */,
				B42257D72D999D2400947D13 /* Factory in Frameworks */,
				B42257CE2D9996C300947D13 /* Networking in Frameworks */,
				B42258372D9A1C2900947D13 /* Kingfisher in Frameworks */,
				B42257C52D9994FF00947D13 /* Utility in Frameworks */,
				B42257D12D999A2C00947D13 /* SnapKit in Frameworks */,
				B42257D42D999A6600947D13 /* IQKeyboardManagerSwift in Frameworks */,
			);
			runOnlyForDeploymentPostprocessing = 0;
		};
/* End PBXFrameworksBuildPhase section */

/* Begin PBXGroup section */
		B42257A82D998BFF00947D13 /* ListApp */ = {
			isa = PBXGroup;
			children = (
				B42258252D99F7ED00947D13 /* Networking */,
				B42257D82D99A1B900947D13 /* App */,
				B42257D92D99A1DE00947D13 /* Core */,
				B42257DE2D99A3E300947D13 /* Style */,
				B42257F82D99A52500947D13 /* CoreData */,
				B42257DD2D99A3D800947D13 /* Modules */,
				B42257E02D99A40C00947D13 /* Resources */,
				B42257F72D99A4EC00947D13 /* SupportingFiles */,
			);
			path = ListApp;
			sourceTree = "<group>";
		};
		B42257C12D99934700947D13 /* Frameworks */ = {
			isa = PBXGroup;
			children = (
			);
			name = Frameworks;
			sourceTree = "<group>";
		};
		B42257D82D99A1B900947D13 /* App */ = {
			isa = PBXGroup;
			children = (
				B422579E2D998BFF00947D13 /* AppDelegate.swift */,
				B42257A62D998BFF00947D13 /* SceneDelegate.swift */,
			);
			path = App;
			sourceTree = "<group>";
		};
		B42257D92D99A1DE00947D13 /* Core */ = {
			isa = PBXGroup;
			children = (
				B422581A2D99D22900947D13 /* BaseNavigationController.swift */,
				B42258182D99D04E00947D13 /* BaseViewController.swift */,
				B42258142D99CEF900947D13 /* Protocols */,
				B42257DA2D99A1ED00947D13 /* DI */,
			);
			path = Core;
			sourceTree = "<group>";
		};
		B42257DA2D99A1ED00947D13 /* DI */ = {
			isa = PBXGroup;
			children = (
				B42257DB2D99A21700947D13 /* AppRestContainer.swift */,
			);
			path = DI;
			sourceTree = "<group>";
		};
		B42257DD2D99A3D800947D13 /* Modules */ = {
			isa = PBXGroup;
			children = (
				B42258582D9A39DF00947D13 /* DetailScreen */,
				B42258052D99B84600947D13 /* ListScreen */,
			);
			path = Modules;
			sourceTree = "<group>";
		};
		B42257DE2D99A3E300947D13 /* Style */ = {
			isa = PBXGroup;
			children = (
				B42258202D99D8D400947D13 /* Protocols */,
				B422581C2D99D74A00947D13 /* Style.swift */,
				B42258672D9A48CE00947D13 /* Style+Stack.swift */,
				B422581E2D99D78000947D13 /* Style+Font.swift */,
				B42258232D99D95C00947D13 /* Style+Label.swift */,
			);
			path = Style;
			sourceTree = "<group>";
		};
		B42257E02D99A40C00947D13 /* Resources */ = {
			isa = PBXGroup;
			children = (
				B422579F2D998BFF00947D13 /* Assets.xcassets */,
				B42257E12D99A41B00947D13 /* Colors.xcassets */,
				B42257A22D998BFF00947D13 /* LaunchScreen.storyboard */,
				B42257E32D99A42800947D13 /* Fonts */,
				B42257E52D99A43D00947D13 /* Localized */,
				B42257E42D99A43300947D13 /* Generated */,
			);
			path = Resources;
			sourceTree = "<group>";
		};
		B42257E32D99A42800947D13 /* Fonts */ = {
			isa = PBXGroup;
			children = (
				B42257EB2D99A4C600947D13 /* Chivo-Bold.ttf */,
				B42257EC2D99A4C600947D13 /* Chivo-ExtraBold.ttf */,
				B42257ED2D99A4C600947D13 /* Chivo-Regular.ttf */,
			);
			path = Fonts;
			sourceTree = "<group>";
		};
		B42257E42D99A43300947D13 /* Generated */ = {
			isa = PBXGroup;
			children = (
				B42257FA2D99B03E00947D13 /* AppAssets.generated.swift */,
				B42257FB2D99B03E00947D13 /* AppColors.generated.swift */,
				B42257FC2D99B03E00947D13 /* AppFonts.generated.swift */,
				B42257FD2D99B03E00947D13 /* AppLocale.generated.swift */,
			);
			path = Generated;
			sourceTree = "<group>";
		};
		B42257E52D99A43D00947D13 /* Localized */ = {
			isa = PBXGroup;
			children = (
				B42257E62D99A46000947D13 /* LocalizeKeys.swift */,
				B42257E82D99A49400947D13 /* Localize.strings */,
			);
			path = Localized;
			sourceTree = "<group>";
		};
		B42257F72D99A4EC00947D13 /* SupportingFiles */ = {
			isa = PBXGroup;
			children = (
				B42257A02D998BFF00947D13 /* Info.plist */,
			);
			path = SupportingFiles;
			sourceTree = "<group>";
		};
		B42257F82D99A52500947D13 /* CoreData */ = {
			isa = PBXGroup;
			children = (
				B42258512D9A351E00947D13 /* Models */,
				B42258442D9A347D00947D13 /* Core */,
				B42257A32D998BFF00947D13 /* ListApp.xcdatamodeld */,
			);
			path = CoreData;
			sourceTree = "<group>";
		};
		B42258052D99B84600947D13 /* ListScreen */ = {
			isa = PBXGroup;
			children = (
				B42258122D99CE5F00947D13 /* ListScreenAssembly.swift */,
				B422580A2D99B87F00947D13 /* ListScreenViewController.swift */,
				B42258062D99B87F00947D13 /* ListScreenInteractor.swift */,
				B42258332D9A015C00947D13 /* ListScreenWorker.swift */,
				B42258082D99B87F00947D13 /* ListScreenPresenter.swift */,
				B42258072D99B87F00947D13 /* ListScreenModels.swift */,
				B42258092D99B87F00947D13 /* ListScreenRouter.swift */,
			);
			path = ListScreen;
			sourceTree = "<group>";
		};
		B42258142D99CEF900947D13 /* Protocols */ = {
			isa = PBXGroup;
			children = (
				B42258152D99CF0600947D13 /* ModuleAssemblying.swift */,
			);
			path = Protocols;
			sourceTree = "<group>";
		};
		B42258202D99D8D400947D13 /* Protocols */ = {
			isa = PBXGroup;
			children = (
				B42258212D99D90100947D13 /* Applicable.swift */,
			);
			path = Protocols;
			sourceTree = "<group>";
		};
		B42258252D99F7ED00947D13 /* Networking */ = {
			isa = PBXGroup;
			children = (
				B422582A2D99F8ED00947D13 /* Targets */,
				B42258282D99F8C000947D13 /* RestClient+Error.swift */,
				B42258262D99F84B00947D13 /* RestClient.swift */,
			);
			path = Networking;
			sourceTree = "<group>";
		};
		B422582A2D99F8ED00947D13 /* Targets */ = {
			isa = PBXGroup;
			children = (
				B422582B2D99F8FB00947D13 /* Character */,
			);
			path = Targets;
			sourceTree = "<group>";
		};
		B422582B2D99F8FB00947D13 /* Character */ = {
			isa = PBXGroup;
			children = (
				B422582F2D99F94800947D13 /* CharacterService.swift */,
				B422582D2D99F92600947D13 /* RestCharacterService.swift */,
				B422582C2D99F90900947D13 /* Models */,
			);
			path = Character;
			sourceTree = "<group>";
		};
		B422582C2D99F90900947D13 /* Models */ = {
			isa = PBXGroup;
			children = (
				B42258312D99F9C000947D13 /* CharcaterModels.swift */,
			);
			path = Models;
			sourceTree = "<group>";
		};
		B42258442D9A347D00947D13 /* Core */ = {
			isa = PBXGroup;
			children = (
				B42258482D9A34BB00947D13 /* Database */,
				B42258472D9A34B400947D13 /* PersistenceManager */,
			);
			path = Core;
			sourceTree = "<group>";
		};
		B42258472D9A34B400947D13 /* PersistenceManager */ = {
			isa = PBXGroup;
			children = (
				B422584D2D9A34F300947D13 /* PersistenceManagerProtocol.swift */,
				B422584B2D9A34E200947D13 /* PersistenceManager.swift */,
			);
			path = PersistenceManager;
			sourceTree = "<group>";
		};
		B42258482D9A34BB00947D13 /* Database */ = {
			isa = PBXGroup;
			children = (
				B422586B2D9A821D00947D13 /* NSManagedObject+Extesion.swift */,
				B42258692D9A7CD100947D13 /* NSManagedObjectContext+Extesion.swift */,
				B42258522D9A352C00947D13 /* _DatabaseModels.swift */,
				B42258492D9A34D100947D13 /* DatabaseProtocol.swift */,
				B42258452D9A348900947D13 /* Database.swift */,
			);
			path = Database;
			sourceTree = "<group>";
		};
		B42258512D9A351E00947D13 /* Models */ = {
			isa = PBXGroup;
			children = (
				B42258562D9A356C00947D13 /* LinkedInfoModel.swift */,
				B42258542D9A355000947D13 /* ResultModel.swift */,
			);
			path = Models;
			sourceTree = "<group>";
		};
		B42258582D9A39DF00947D13 /* DetailScreen */ = {
			isa = PBXGroup;
			children = (
				B42258652D9A3A4A00947D13 /* DetailScreenAssembly.swift */,
				B42258592D9A3A0A00947D13 /* DetailScreenInteractor.swift */,
				B422585A2D9A3A0A00947D13 /* DetailScreenModels.swift */,
				B422585B2D9A3A0A00947D13 /* DetailScreenPresenter.swift */,
				B422585C2D9A3A0A00947D13 /* DetailScreenRouter.swift */,
				B422585D2D9A3A0A00947D13 /* DetailScreenViewController.swift */,
			);
			path = DetailScreen;
			sourceTree = "<group>";
		};
		B479FE832D97086300E5F97C = {
			isa = PBXGroup;
			children = (
				B42257A82D998BFF00947D13 /* ListApp */,
				B42257C12D99934700947D13 /* Frameworks */,
				B479FE8D2D97086400E5F97C /* Products */,
			);
			sourceTree = "<group>";
		};
		B479FE8D2D97086400E5F97C /* Products */ = {
			isa = PBXGroup;
			children = (
				B479FE8C2D97086400E5F97C /* ListApp.app */,
			);
			name = Products;
			sourceTree = "<group>";
		};
/* End PBXGroup section */

/* Begin PBXNativeTarget section */
		B479FE8B2D97086400E5F97C /* ListApp */ = {
			isa = PBXNativeTarget;
			buildConfigurationList = B479FEB82D97086500E5F97C /* Build configuration list for PBXNativeTarget "ListApp" */;
			buildPhases = (
				B42257F92D99AE8900947D13 /* [SwiftGen] Generate files */,
				B479FE882D97086400E5F97C /* Sources */,
				B479FE892D97086400E5F97C /* Frameworks */,
				B479FE8A2D97086400E5F97C /* Resources */,
				B42257982D97192A00947D13 /* [Swift Lint] lint Files */,
			);
			buildRules = (
			);
			dependencies = (
			);
			name = ListApp;
			packageProductDependencies = (
				B42257C42D9994FF00947D13 /* Utility */,
				B42257C72D99955B00947D13 /* Extensions */,
				B42257CA2D9995EC00947D13 /* Storage */,
				B42257CD2D9996C300947D13 /* Networking */,
				B42257D02D999A2C00947D13 /* SnapKit */,
				B42257D32D999A6600947D13 /* IQKeyboardManagerSwift */,
				B42257D62D999D2400947D13 /* Factory */,
				B42258362D9A1C2900947D13 /* Kingfisher */,
			);
			productName = ListApp;
			productReference = B479FE8C2D97086400E5F97C /* ListApp.app */;
			productType = "com.apple.product-type.application";
		};
/* End PBXNativeTarget section */

/* Begin PBXProject section */
		B479FE842D97086300E5F97C /* Project object */ = {
			isa = PBXProject;
			attributes = {
				BuildIndependentTargetsInParallel = 1;
				LastSwiftUpdateCheck = 1620;
				LastUpgradeCheck = 1620;
				TargetAttributes = {
					B479FE8B2D97086400E5F97C = {
						CreatedOnToolsVersion = 16.2;
					};
				};
			};
			buildConfigurationList = B479FE872D97086300E5F97C /* Build configuration list for PBXProject "ListApp" */;
			developmentRegion = en;
			hasScannedForEncodings = 0;
			knownRegions = (
				en,
				Base,
			);
			mainGroup = B479FE832D97086300E5F97C;
			minimizedProjectReferenceProxies = 1;
			packageReferences = (
				B42257C32D9994FF00947D13 /* XCLocalSwiftPackageReference "Packages/Utility" */,
				B42257C62D99955B00947D13 /* XCLocalSwiftPackageReference "Packages/Extensions" */,
				B42257C92D9995EC00947D13 /* XCLocalSwiftPackageReference "Packages/Storage" */,
				B42257CC2D9996C300947D13 /* XCLocalSwiftPackageReference "Packages/Networking" */,
				B42257CF2D999A2C00947D13 /* XCRemoteSwiftPackageReference "SnapKit" */,
				B42257D22D999A6600947D13 /* XCRemoteSwiftPackageReference "IQKeyboardManager" */,
				B42257D52D999D2400947D13 /* XCRemoteSwiftPackageReference "Factory" */,
				B42258352D9A1C2900947D13 /* XCRemoteSwiftPackageReference "Kingfisher" */,
			);
			preferredProjectObjectVersion = 77;
			productRefGroup = B479FE8D2D97086400E5F97C /* Products */;
			projectDirPath = "";
			projectRoot = "";
			targets = (
				B479FE8B2D97086400E5F97C /* ListApp */,
			);
		};
/* End PBXProject section */

/* Begin PBXResourcesBuildPhase section */
		B479FE8A2D97086400E5F97C /* Resources */ = {
			isa = PBXResourcesBuildPhase;
			buildActionMask = 2147483647;
			files = (
				B42257EA2D99A49400947D13 /* Localize.strings in Resources */,
				B42257F12D99A4C600947D13 /* Chivo-ExtraBold.ttf in Resources */,
				B42257F52D99A4C600947D13 /* Chivo-Bold.ttf in Resources */,
				B42257F62D99A4C600947D13 /* Chivo-Regular.ttf in Resources */,
				B42257AE2D998BFF00947D13 /* Assets.xcassets in Resources */,
				B42257B02D998BFF00947D13 /* LaunchScreen.storyboard in Resources */,
				B42257E22D99A41B00947D13 /* Colors.xcassets in Resources */,
			);
			runOnlyForDeploymentPostprocessing = 0;
		};
/* End PBXResourcesBuildPhase section */

/* Begin PBXShellScriptBuildPhase section */
		B42257982D97192A00947D13 /* [Swift Lint] lint Files */ = {
			isa = PBXShellScriptBuildPhase;
			alwaysOutOfDate = 1;
			buildActionMask = 2147483647;
			files = (
			);
			inputFileListPaths = (
			);
			inputPaths = (
			);
			name = "[Swift Lint] lint Files";
			outputFileListPaths = (
			);
			outputPaths = (
			);
			runOnlyForDeploymentPostprocessing = 0;
			shellPath = /bin/sh;
			shellScript = "if [ -z \"$CI\" ]; then\n    if which swiftlint >/dev/null; then\n        swiftlint lint --quiet\n    else\n        echo \"error: 😢 SwiftLint not installed, download from https://github.com/realm/SwiftLint\"\n    fi\nfi\n";
		};
		B42257F92D99AE8900947D13 /* [SwiftGen] Generate files */ = {
			isa = PBXShellScriptBuildPhase;
			alwaysOutOfDate = 1;
			buildActionMask = 2147483647;
			files = (
			);
			inputFileListPaths = (
			);
			inputPaths = (
			);
			name = "[SwiftGen] Generate files";
			outputFileListPaths = (
			);
			outputPaths = (
			);
			runOnlyForDeploymentPostprocessing = 0;
			shellPath = /bin/sh;
			shellScript = "if [ -z \"$CI\" ]; then\n    if which swiftgen >/dev/null; then\n        swiftgen\n    else\n        echo \"error: 😢 SwiftGen not installed, download it from https://github.com/SwiftGen/SwiftGen\"\n    fi\nfi\n";
		};
/* End PBXShellScriptBuildPhase section */

/* Begin PBXSourcesBuildPhase section */
		B479FE882D97086400E5F97C /* Sources */ = {
			isa = PBXSourcesBuildPhase;
			buildActionMask = 2147483647;
			files = (
				B422586C2D9A822400947D13 /* NSManagedObject+Extesion.swift in Sources */,
				B42258462D9A348B00947D13 /* Database.swift in Sources */,
				B42257AA2D998BFF00947D13 /* AppDelegate.swift in Sources */,
				B42257AB2D998BFF00947D13 /* ListApp.xcdatamodeld in Sources */,
				B42258342D9A016600947D13 /* ListScreenWorker.swift in Sources */,
				B42257E72D99A46300947D13 /* LocalizeKeys.swift in Sources */,
				B422585F2D9A3A0A00947D13 /* DetailScreenPresenter.swift in Sources */,
				B42258662D9A3A5200947D13 /* DetailScreenAssembly.swift in Sources */,
				B42258612D9A3A0A00947D13 /* DetailScreenModels.swift in Sources */,
				B42258622D9A3A0A00947D13 /* DetailScreenInteractor.swift in Sources */,
				B42258632D9A3A0A00947D13 /* DetailScreenRouter.swift in Sources */,
				B42258682D9A48D500947D13 /* Style+Stack.swift in Sources */,
				B42258642D9A3A0A00947D13 /* DetailScreenViewController.swift in Sources */,
				B42257AC2D998BFF00947D13 /* SceneDelegate.swift in Sources */,
				B42257DC2D99A21A00947D13 /* AppRestContainer.swift in Sources */,
				B42258242D99D96200947D13 /* Style+Label.swift in Sources */,
				B42258532D9A352D00947D13 /* _DatabaseModels.swift in Sources */,
				B42258192D99D05600947D13 /* BaseViewController.swift in Sources */,
				B422581F2D99D78700947D13 /* Style+Font.swift in Sources */,
				B422581B2D99D23100947D13 /* BaseNavigationController.swift in Sources */,
				B42257FE2D99B03E00947D13 /* AppLocale.generated.swift in Sources */,
				B42258572D9A356D00947D13 /* LinkedInfoModel.swift in Sources */,
				B422584C2D9A34E300947D13 /* PersistenceManager.swift in Sources */,
				B42258272D99F84D00947D13 /* RestClient.swift in Sources */,
				B42258302D99F94D00947D13 /* CharacterService.swift in Sources */,
				B422584A2D9A34D200947D13 /* DatabaseProtocol.swift in Sources */,
				B42258292D99F8C100947D13 /* RestClient+Error.swift in Sources */,
				B42257FF2D99B03E00947D13 /* AppAssets.generated.swift in Sources */,
				B422580C2D99B87F00947D13 /* ListScreenRouter.swift in Sources */,
				B422580D2D99B87F00947D13 /* ListScreenInteractor.swift in Sources */,
				B422580E2D99B87F00947D13 /* ListScreenModels.swift in Sources */,
				B422580F2D99B87F00947D13 /* ListScreenViewController.swift in Sources */,
				B42258552D9A355000947D13 /* ResultModel.swift in Sources */,
				B422586A2D9A7CD200947D13 /* NSManagedObjectContext+Extesion.swift in Sources */,
				B42258102D99B87F00947D13 /* ListScreenPresenter.swift in Sources */,
				B42258222D99D90500947D13 /* Applicable.swift in Sources */,
				B422582E2D99F92E00947D13 /* RestCharacterService.swift in Sources */,
				B42258002D99B03E00947D13 /* AppColors.generated.swift in Sources */,
				B422584E2D9A34F300947D13 /* PersistenceManagerProtocol.swift in Sources */,
				B42258162D99CF1900947D13 /* ModuleAssemblying.swift in Sources */,
				B42258012D99B03E00947D13 /* AppFonts.generated.swift in Sources */,
				B42258322D99F9D100947D13 /* CharcaterModels.swift in Sources */,
				B42258132D99CE6800947D13 /* ListScreenAssembly.swift in Sources */,
				B422581D2D99D75000947D13 /* Style.swift in Sources */,
			);
			runOnlyForDeploymentPostprocessing = 0;
		};
/* End PBXSourcesBuildPhase section */

/* Begin PBXVariantGroup section */
		B42257A22D998BFF00947D13 /* LaunchScreen.storyboard */ = {
			isa = PBXVariantGroup;
			children = (
				B42257A12D998BFF00947D13 /* Base */,
			);
			name = LaunchScreen.storyboard;
			sourceTree = "<group>";
		};
		B42257E82D99A49400947D13 /* Localize.strings */ = {
			isa = PBXVariantGroup;
			children = (
				B42257E92D99A49400947D13 /* en */,
			);
			name = Localize.strings;
			sourceTree = "<group>";
		};
/* End PBXVariantGroup section */

/* Begin XCBuildConfiguration section */
		B479FEB92D97086500E5F97C /* Debug */ = {
			isa = XCBuildConfiguration;
			buildSettings = {
				ASSETCATALOG_COMPILER_APPICON_NAME = AppIcon;
				ASSETCATALOG_COMPILER_GLOBAL_ACCENT_COLOR_NAME = AccentColor;
				CODE_SIGN_STYLE = Automatic;
				CURRENT_PROJECT_VERSION = 1;
				DEVELOPMENT_TEAM = 3ZAJ8QZ6FN;
				ENABLE_USER_SCRIPT_SANDBOXING = NO;
				GENERATE_INFOPLIST_FILE = YES;
				INFOPLIST_FILE = ListApp/SupportingFiles/Info.plist;
				INFOPLIST_KEY_UIApplicationSupportsIndirectInputEvents = YES;
				INFOPLIST_KEY_UILaunchStoryboardName = LaunchScreen;
				INFOPLIST_KEY_UIRequiresFullScreen = YES;
				INFOPLIST_KEY_UIStatusBarStyle = "";
				INFOPLIST_KEY_UISupportedInterfaceOrientations_iPad = "UIInterfaceOrientationPortrait UIInterfaceOrientationPortraitUpsideDown UIInterfaceOrientationLandscapeLeft UIInterfaceOrientationLandscapeRight";
				INFOPLIST_KEY_UISupportedInterfaceOrientations_iPhone = "UIInterfaceOrientationPortrait UIInterfaceOrientationLandscapeLeft UIInterfaceOrientationLandscapeRight";
				IPHONEOS_DEPLOYMENT_TARGET = 15.6;
				LD_RUNPATH_SEARCH_PATHS = (
					"$(inherited)",
					"@executable_path/Frameworks",
				);
				MARKETING_VERSION = 1.0;
				PRODUCT_BUNDLE_IDENTIFIER = Project.ListApp;
				PRODUCT_NAME = "$(TARGET_NAME)";
				SWIFT_EMIT_LOC_STRINGS = YES;
				SWIFT_VERSION = 5.0;
				TARGETED_DEVICE_FAMILY = "1,2";
			};
			name = Debug;
		};
		B479FEBA2D97086500E5F97C /* Release */ = {
			isa = XCBuildConfiguration;
			buildSettings = {
				ASSETCATALOG_COMPILER_APPICON_NAME = AppIcon;
				ASSETCATALOG_COMPILER_GLOBAL_ACCENT_COLOR_NAME = AccentColor;
				CODE_SIGN_STYLE = Automatic;
				CURRENT_PROJECT_VERSION = 1;
				DEVELOPMENT_TEAM = 3ZAJ8QZ6FN;
				ENABLE_USER_SCRIPT_SANDBOXING = NO;
				GENERATE_INFOPLIST_FILE = YES;
				INFOPLIST_FILE = ListApp/SupportingFiles/Info.plist;
				INFOPLIST_KEY_UIApplicationSupportsIndirectInputEvents = YES;
				INFOPLIST_KEY_UILaunchStoryboardName = LaunchScreen;
				INFOPLIST_KEY_UIRequiresFullScreen = YES;
				INFOPLIST_KEY_UIStatusBarStyle = "";
				INFOPLIST_KEY_UISupportedInterfaceOrientations_iPad = "UIInterfaceOrientationPortrait UIInterfaceOrientationPortraitUpsideDown UIInterfaceOrientationLandscapeLeft UIInterfaceOrientationLandscapeRight";
				INFOPLIST_KEY_UISupportedInterfaceOrientations_iPhone = "UIInterfaceOrientationPortrait UIInterfaceOrientationLandscapeLeft UIInterfaceOrientationLandscapeRight";
				IPHONEOS_DEPLOYMENT_TARGET = 15.6;
				LD_RUNPATH_SEARCH_PATHS = (
					"$(inherited)",
					"@executable_path/Frameworks",
				);
				MARKETING_VERSION = 1.0;
				PRODUCT_BUNDLE_IDENTIFIER = Project.ListApp;
				PRODUCT_NAME = "$(TARGET_NAME)";
				SWIFT_EMIT_LOC_STRINGS = YES;
				SWIFT_VERSION = 5.0;
				TARGETED_DEVICE_FAMILY = "1,2";
			};
			name = Release;
		};
		B479FEBB2D97086500E5F97C /* Debug */ = {
			isa = XCBuildConfiguration;
			buildSettings = {
				ALWAYS_SEARCH_USER_PATHS = NO;
				ASSETCATALOG_COMPILER_GENERATE_SWIFT_ASSET_SYMBOL_EXTENSIONS = YES;
				CLANG_ANALYZER_NONNULL = YES;
				CLANG_ANALYZER_NUMBER_OBJECT_CONVERSION = YES_AGGRESSIVE;
				CLANG_CXX_LANGUAGE_STANDARD = "gnu++20";
				CLANG_ENABLE_MODULES = YES;
				CLANG_ENABLE_OBJC_ARC = YES;
				CLANG_ENABLE_OBJC_WEAK = YES;
				CLANG_WARN_BLOCK_CAPTURE_AUTORELEASING = YES;
				CLANG_WARN_BOOL_CONVERSION = YES;
				CLANG_WARN_COMMA = YES;
				CLANG_WARN_CONSTANT_CONVERSION = YES;
				CLANG_WARN_DEPRECATED_OBJC_IMPLEMENTATIONS = YES;
				CLANG_WARN_DIRECT_OBJC_ISA_USAGE = YES_ERROR;
				CLANG_WARN_DOCUMENTATION_COMMENTS = YES;
				CLANG_WARN_EMPTY_BODY = YES;
				CLANG_WARN_ENUM_CONVERSION = YES;
				CLANG_WARN_INFINITE_RECURSION = YES;
				CLANG_WARN_INT_CONVERSION = YES;
				CLANG_WARN_NON_LITERAL_NULL_CONVERSION = YES;
				CLANG_WARN_OBJC_IMPLICIT_RETAIN_SELF = YES;
				CLANG_WARN_OBJC_LITERAL_CONVERSION = YES;
				CLANG_WARN_OBJC_ROOT_CLASS = YES_ERROR;
				CLANG_WARN_QUOTED_INCLUDE_IN_FRAMEWORK_HEADER = YES;
				CLANG_WARN_RANGE_LOOP_ANALYSIS = YES;
				CLANG_WARN_STRICT_PROTOTYPES = YES;
				CLANG_WARN_SUSPICIOUS_MOVE = YES;
				CLANG_WARN_UNGUARDED_AVAILABILITY = YES_AGGRESSIVE;
				CLANG_WARN_UNREACHABLE_CODE = YES;
				CLANG_WARN__DUPLICATE_METHOD_MATCH = YES;
				COPY_PHASE_STRIP = NO;
				DEBUG_INFORMATION_FORMAT = dwarf;
				ENABLE_STRICT_OBJC_MSGSEND = YES;
				ENABLE_TESTABILITY = YES;
				ENABLE_USER_SCRIPT_SANDBOXING = YES;
				GCC_C_LANGUAGE_STANDARD = gnu17;
				GCC_DYNAMIC_NO_PIC = NO;
				GCC_NO_COMMON_BLOCKS = YES;
				GCC_OPTIMIZATION_LEVEL = 0;
				GCC_PREPROCESSOR_DEFINITIONS = (
					"DEBUG=1",
					"$(inherited)",
				);
				GCC_WARN_64_TO_32_BIT_CONVERSION = YES;
				GCC_WARN_ABOUT_RETURN_TYPE = YES_ERROR;
				GCC_WARN_UNDECLARED_SELECTOR = YES;
				GCC_WARN_UNINITIALIZED_AUTOS = YES_AGGRESSIVE;
				GCC_WARN_UNUSED_FUNCTION = YES;
				GCC_WARN_UNUSED_VARIABLE = YES;
				IPHONEOS_DEPLOYMENT_TARGET = 15.6;
				LOCALIZATION_PREFERS_STRING_CATALOGS = YES;
				MTL_ENABLE_DEBUG_INFO = INCLUDE_SOURCE;
				MTL_FAST_MATH = YES;
				ONLY_ACTIVE_ARCH = YES;
				SDKROOT = iphoneos;
				SWIFT_ACTIVE_COMPILATION_CONDITIONS = "DEBUG $(inherited)";
				SWIFT_OPTIMIZATION_LEVEL = "-Onone";
			};
			name = Debug;
		};
		B479FEBC2D97086500E5F97C /* Release */ = {
			isa = XCBuildConfiguration;
			buildSettings = {
				ALWAYS_SEARCH_USER_PATHS = NO;
				ASSETCATALOG_COMPILER_GENERATE_SWIFT_ASSET_SYMBOL_EXTENSIONS = YES;
				CLANG_ANALYZER_NONNULL = YES;
				CLANG_ANALYZER_NUMBER_OBJECT_CONVERSION = YES_AGGRESSIVE;
				CLANG_CXX_LANGUAGE_STANDARD = "gnu++20";
				CLANG_ENABLE_MODULES = YES;
				CLANG_ENABLE_OBJC_ARC = YES;
				CLANG_ENABLE_OBJC_WEAK = YES;
				CLANG_WARN_BLOCK_CAPTURE_AUTORELEASING = YES;
				CLANG_WARN_BOOL_CONVERSION = YES;
				CLANG_WARN_COMMA = YES;
				CLANG_WARN_CONSTANT_CONVERSION = YES;
				CLANG_WARN_DEPRECATED_OBJC_IMPLEMENTATIONS = YES;
				CLANG_WARN_DIRECT_OBJC_ISA_USAGE = YES_ERROR;
				CLANG_WARN_DOCUMENTATION_COMMENTS = YES;
				CLANG_WARN_EMPTY_BODY = YES;
				CLANG_WARN_ENUM_CONVERSION = YES;
				CLANG_WARN_INFINITE_RECURSION = YES;
				CLANG_WARN_INT_CONVERSION = YES;
				CLANG_WARN_NON_LITERAL_NULL_CONVERSION = YES;
				CLANG_WARN_OBJC_IMPLICIT_RETAIN_SELF = YES;
				CLANG_WARN_OBJC_LITERAL_CONVERSION = YES;
				CLANG_WARN_OBJC_ROOT_CLASS = YES_ERROR;
				CLANG_WARN_QUOTED_INCLUDE_IN_FRAMEWORK_HEADER = YES;
				CLANG_WARN_RANGE_LOOP_ANALYSIS = YES;
				CLANG_WARN_STRICT_PROTOTYPES = YES;
				CLANG_WARN_SUSPICIOUS_MOVE = YES;
				CLANG_WARN_UNGUARDED_AVAILABILITY = YES_AGGRESSIVE;
				CLANG_WARN_UNREACHABLE_CODE = YES;
				CLANG_WARN__DUPLICATE_METHOD_MATCH = YES;
				COPY_PHASE_STRIP = NO;
				DEBUG_INFORMATION_FORMAT = "dwarf-with-dsym";
				ENABLE_NS_ASSERTIONS = NO;
				ENABLE_STRICT_OBJC_MSGSEND = YES;
				ENABLE_USER_SCRIPT_SANDBOXING = YES;
				GCC_C_LANGUAGE_STANDARD = gnu17;
				GCC_NO_COMMON_BLOCKS = YES;
				GCC_WARN_64_TO_32_BIT_CONVERSION = YES;
				GCC_WARN_ABOUT_RETURN_TYPE = YES_ERROR;
				GCC_WARN_UNDECLARED_SELECTOR = YES;
				GCC_WARN_UNINITIALIZED_AUTOS = YES_AGGRESSIVE;
				GCC_WARN_UNUSED_FUNCTION = YES;
				GCC_WARN_UNUSED_VARIABLE = YES;
				IPHONEOS_DEPLOYMENT_TARGET = 15.6;
				LOCALIZATION_PREFERS_STRING_CATALOGS = YES;
				MTL_ENABLE_DEBUG_INFO = NO;
				MTL_FAST_MATH = YES;
				SDKROOT = iphoneos;
				SWIFT_COMPILATION_MODE = wholemodule;
				VALIDATE_PRODUCT = YES;
			};
			name = Release;
		};
/* End XCBuildConfiguration section */

/* Begin XCConfigurationList section */
		B479FE872D97086300E5F97C /* Build configuration list for PBXProject "ListApp" */ = {
			isa = XCConfigurationList;
			buildConfigurations = (
				B479FEBB2D97086500E5F97C /* Debug */,
				B479FEBC2D97086500E5F97C /* Release */,
			);
			defaultConfigurationIsVisible = 0;
			defaultConfigurationName = Release;
		};
		B479FEB82D97086500E5F97C /* Build configuration list for PBXNativeTarget "ListApp" */ = {
			isa = XCConfigurationList;
			buildConfigurations = (
				B479FEB92D97086500E5F97C /* Debug */,
				B479FEBA2D97086500E5F97C /* Release */,
			);
			defaultConfigurationIsVisible = 0;
			defaultConfigurationName = Release;
		};
/* End XCConfigurationList section */

/* Begin XCLocalSwiftPackageReference section */
		B42257C32D9994FF00947D13 /* XCLocalSwiftPackageReference "Packages/Utility" */ = {
			isa = XCLocalSwiftPackageReference;
			relativePath = Packages/Utility;
		};
		B42257C62D99955B00947D13 /* XCLocalSwiftPackageReference "Packages/Extensions" */ = {
			isa = XCLocalSwiftPackageReference;
			relativePath = Packages/Extensions;
		};
		B42257C92D9995EC00947D13 /* XCLocalSwiftPackageReference "Packages/Storage" */ = {
			isa = XCLocalSwiftPackageReference;
			relativePath = Packages/Storage;
		};
		B42257CC2D9996C300947D13 /* XCLocalSwiftPackageReference "Packages/Networking" */ = {
			isa = XCLocalSwiftPackageReference;
			relativePath = Packages/Networking;
		};
/* End XCLocalSwiftPackageReference section */

/* Begin XCRemoteSwiftPackageReference section */
		B42257CF2D999A2C00947D13 /* XCRemoteSwiftPackageReference "SnapKit" */ = {
			isa = XCRemoteSwiftPackageReference;
			repositoryURL = "https://github.com/SnapKit/SnapKit";
			requirement = {
				kind = upToNextMinorVersion;
				minimumVersion = 5.7.1;
			};
		};
		B42257D22D999A6600947D13 /* XCRemoteSwiftPackageReference "IQKeyboardManager" */ = {
			isa = XCRemoteSwiftPackageReference;
			repositoryURL = "https://github.com/hackiftekhar/IQKeyboardManager";
			requirement = {
				kind = upToNextMinorVersion;
				minimumVersion = 8.0.1;
			};
		};
		B42257D52D999D2400947D13 /* XCRemoteSwiftPackageReference "Factory" */ = {
			isa = XCRemoteSwiftPackageReference;
			repositoryURL = "https://github.com/hmlongco/Factory.git";
			requirement = {
				kind = upToNextMinorVersion;
				minimumVersion = 2.4.3;
			};
		};
		B42258352D9A1C2900947D13 /* XCRemoteSwiftPackageReference "Kingfisher" */ = {
			isa = XCRemoteSwiftPackageReference;
			repositoryURL = "https://github.com/onevcat/Kingfisher";
			requirement = {
				kind = upToNextMinorVersion;
				minimumVersion = 8.3.1;
			};
		};
/* End XCRemoteSwiftPackageReference section */

/* Begin XCSwiftPackageProductDependency section */
		B42257C42D9994FF00947D13 /* Utility */ = {
			isa = XCSwiftPackageProductDependency;
			productName = Utility;
		};
		B42257C72D99955B00947D13 /* Extensions */ = {
			isa = XCSwiftPackageProductDependency;
			productName = Extensions;
		};
		B42257CA2D9995EC00947D13 /* Storage */ = {
			isa = XCSwiftPackageProductDependency;
			productName = Storage;
		};
		B42257CD2D9996C300947D13 /* Networking */ = {
			isa = XCSwiftPackageProductDependency;
			productName = Networking;
		};
		B42257D02D999A2C00947D13 /* SnapKit */ = {
			isa = XCSwiftPackageProductDependency;
			package = B42257CF2D999A2C00947D13 /* XCRemoteSwiftPackageReference "SnapKit" */;
			productName = SnapKit;
		};
		B42257D32D999A6600947D13 /* IQKeyboardManagerSwift */ = {
			isa = XCSwiftPackageProductDependency;
			package = B42257D22D999A6600947D13 /* XCRemoteSwiftPackageReference "IQKeyboardManager" */;
			productName = IQKeyboardManagerSwift;
		};
		B42257D62D999D2400947D13 /* Factory */ = {
			isa = XCSwiftPackageProductDependency;
			package = B42257D52D999D2400947D13 /* XCRemoteSwiftPackageReference "Factory" */;
			productName = Factory;
		};
		B42258362D9A1C2900947D13 /* Kingfisher */ = {
			isa = XCSwiftPackageProductDependency;
			package = B42258352D9A1C2900947D13 /* XCRemoteSwiftPackageReference "Kingfisher" */;
			productName = Kingfisher;
		};
/* End XCSwiftPackageProductDependency section */

/* Begin XCVersionGroup section */
		B42257A32D998BFF00947D13 /* ListApp.xcdatamodeld */ = {
			isa = XCVersionGroup;
			children = (
				B42257A92D998BFF00947D13 /* ListApp.xcdatamodel */,
			);
			currentVersion = B42257A92D998BFF00947D13 /* ListApp.xcdatamodel */;
			path = ListApp.xcdatamodeld;
			sourceTree = "<group>";
			versionGroupType = wrapper.xcdatamodel;
		};
/* End XCVersionGroup section */
	};
	rootObject = B479FE842D97086300E5F97C /* Project object */;
}
